
Microsoft Visual Studio Solution File, Format Version 12.00
# Visual Studio 15
VisualStudioVersion = 15.0.28307.2092
MinimumVisualStudioVersion = 10.0.40219.1
Project("{FAE04EC0-301F-11D3-BF4B-00C04F79EFBC}") = "CargoAutomation", "CargoAutomation\CargoAutomation.csproj", "{AD98207C-49A7-424F-B7C9-7CCB2DAC92D4}"
EndProject
Project("{54435603-DBB4-11D2-8724-00A0C9A8B90C}") = "Kargo Otomasyonu", "Kargo Otomasyonu\Kargo Otomasyonu.vdproj", "{2E434C1A-B34A-4BF2-904F-B376A3642EC1}"
EndProject
Global
	GlobalSection(SolutionConfigurationPlatforms) = preSolution
		Debug|Any CPU = Debug|Any CPU
		Release|Any CPU = Release|Any CPU
	EndGlobalSection
	GlobalSection(ProjectConfigurationPlatforms) = postSolution
		{AD98207C-49A7-424F-B7C9-7CCB2DAC92D4}.Debug|Any CPU.ActiveCfg = Debug|Any CPU
		{AD98207C-49A7-424F-B7C9-7CCB2DAC92D4}.Debug|Any CPU.Build.0 = Debug|Any CPU
		{AD98207C-49A7-424F-B7C9-7CCB2DAC92D4}.Release|Any CPU.ActiveCfg = Release|Any CPU
		{AD98207C-49A7-424F-B7C9-7CCB2DAC92D4}.Release|Any CPU.Build.0 = Release|Any CPU
		{2E434C1A-B34A-4BF2-904F-B376A3642EC1}.Debug|Any CPU.ActiveCfg = Debug
		{2E434C1A-B34A-4BF2-904F-B376A3642EC1}.Release|Any CPU.ActiveCfg = Release
	EndGlobalSection
	GlobalSection(SolutionProperties) = preSolution
		HideSolutionNode = FALSE
	EndGlobalSection
	GlobalSection(ExtensibilityGlobals) = postSolution
		SolutionGuid = {3D6D7950-090D-47FA-A8FA-1FBA3E582FE7}
	EndGlobalSection
EndGlobal
